// !$*UTF8*$!
{
	archiveVersion = 1;
	classes = {
	};
	objectVersion = 46;
	objects = {

/* Begin PBXBuildFile section */
		EBF4A2691D5DE16A00CD1598 /* AppDelegate.swift in Sources */ = {isa = PBXBuildFile; fileRef = EBF4A2681D5DE16A00CD1598 /* AppDelegate.swift */; };
		EBF4A26B1D5DE16A00CD1598 /* ViewController.swift in Sources */ = {isa = PBXBuildFile; fileRef = EBF4A26A1D5DE16A00CD1598 /* ViewController.swift */; };
		EBF4A26E1D5DE16A00CD1598 /* Main.storyboard in Resources */ = {isa = PBXBuildFile; fileRef = EBF4A26C1D5DE16A00CD1598 /* Main.storyboard */; };
		EBF4A2701D5DE16A00CD1598 /* Assets.xcassets in Resources */ = {isa = PBXBuildFile; fileRef = EBF4A26F1D5DE16A00CD1598 /* Assets.xcassets */; };
		EBF4A2731D5DE16A00CD1598 /* LaunchScreen.storyboard in Resources */ = {isa = PBXBuildFile; fileRef = EBF4A2711D5DE16A00CD1598 /* LaunchScreen.storyboard */; };
/* End PBXBuildFile section */

/* Begin PBXFileReference section */
		EBF4A2651D5DE16A00CD1598 /* Pokedex_4.app */ = {isa = PBXFileReference; explicitFileType = wrapper.application; includeInIndex = 0; path = Pokedex_4.app; sourceTree = BUILT_PRODUCTS_DIR; };
		EBF4A2681D5DE16A00CD1598 /* AppDelegate.swift */ = {isa = PBXFileReference; lastKnownFileType = sourcecode.swift; path = AppDelegate.swift; sourceTree = "<group>"; };
		EBF4A26A1D5DE16A00CD1598 /* ViewController.swift */ = {isa = PBXFileReference; lastKnownFileType = sourcecode.swift; path = ViewController.swift; sourceTree = "<group>"; };
		EBF4A26D1D5DE16A00CD1598 /* Base */ = {isa = PBXFileReference; lastKnownFileType = file.storyboard; name = Base; path = Base.lproj/Main.storyboard; sourceTree = "<group>"; };
		EBF4A26F1D5DE16A00CD1598 /* Assets.xcassets */ = {isa = PBXFileReference; lastKnownFileType = folder.assetcatalog; path = Assets.xcassets; sourceTree = "<group>"; };
		EBF4A2721D5DE16A00CD1598 /* Base */ = {isa = PBXFileReference; lastKnownFileType = file.storyboard; name = Base; path = Base.lproj/LaunchScreen.storyboard; sourceTree = "<group>"; };
		EBF4A2741D5DE16A00CD1598 /* Info.plist */ = {isa = PBXFileReference; lastKnownFileType = text.plist.xml; path = Info.plist; sourceTree = "<group>"; };
/* End PBXFileReference section */

/* Begin PBXFrameworksBuildPhase section */
		EBF4A2621D5DE16A00CD1598 /* Frameworks */ = {
			isa = PBXFrameworksBuildPhase;
			buildActionMask = 2147483647;
			files = (
			);
			runOnlyForDeploymentPostprocessing = 0;
		};
/* End PBXFrameworksBuildPhase section */

/* Begin PBXGroup section */
		EBF4A25C1D5DE16A00CD1598 = {
			isa = PBXGroup;
			children = (
				EBF4A2671D5DE16A00CD1598 /* Pokedex_4 */,
				EBF4A2661D5DE16A00CD1598 /* Products */,
			);
			sourceTree = "<group>";
		};
		EBF4A2661D5DE16A00CD1598 /* Products */ = {
			isa = PBXGroup;
			children = (
				EBF4A2651D5DE16A00CD1598 /* Pokedex_4.app */,
			);
			name = Products;
			sourceTree = "<group>";
		};
		EBF4A2671D5DE16A00CD1598 /* Pokedex_4 */ = {
			isa = PBXGroup;
			children = (
				EBF4A2681D5DE16A00CD1598 /* AppDelegate.swift */,
				EBF4A26A1D5DE16A00CD1598 /* ViewController.swift */,
				EBF4A26C1D5DE16A00CD1598 /* Main.storyboard */,
				EBF4A26F1D5DE16A00CD1598 /* Assets.xcassets */,
				EBF4A2711D5DE16A00CD1598 /* LaunchScreen.storyboard */,
				EBF4A2741D5DE16A00CD1598 /* Info.plist */,
			);
			path = Pokedex_4;
			sourceTree = "<group>";
		};
/* End PBXGroup section */

/* Begin PBXNativeTarget section */
		EBF4A2641D5DE16A00CD1598 /* Pokedex_4 */ = {
			isa = PBXNativeTarget;
			buildConfigurationList = EBF4A2771D5DE16A00CD1598 /* Build configuration list for PBXNativeTarget "Pokedex_4" */;
			buildPhases = (
				EBF4A2611D5DE16A00CD1598 /* Sources */,
				EBF4A2621D5DE16A00CD1598 /* Frameworks */,
				EBF4A2631D5DE16A00CD1598 /* Resources */,
			);
			buildRules = (
			);
			dependencies = (
			);
			name = Pokedex_4;
			productName = Pokedex_4;
			productReference = EBF4A2651D5DE16A00CD1598 /* Pokedex_4.app */;
			productType = "com.apple.product-type.application";
		};
/* End PBXNativeTarget section */

/* Begin PBXProject section */
		EBF4A25D1D5DE16A00CD1598 /* Project object */ = {
			isa = PBXProject;
			attributes = {
				LastSwiftUpdateCheck = 0730;
				LastUpgradeCheck = 0730;
				ORGANIZATIONNAME = "Ershad Ilkhan";
				TargetAttributes = {
					EBF4A2641D5DE16A00CD1598 = {
						CreatedOnToolsVersion = 7.3.1;
					};
				};
			};
			buildConfigurationList = EBF4A2601D5DE16A00CD1598 /* Build configuration list for PBXProject "Pokedex_4" */;
			compatibilityVersion = "Xcode 3.2";
			developmentRegion = English;
			hasScannedForEncodings = 0;
			knownRegions = (
				en,
				Base,
			);
			mainGroup = EBF4A25C1D5DE16A00CD1598;
			productRefGroup = EBF4A2661D5DE16A00CD1598 /* Products */;
			projectDirPath = "";
			projectRoot = "";
			targets = (
				EBF4A2641D5DE16A00CD1598 /* Pokedex_4 */,
			);
		};
/* End PBXProject section */

/* Begin PBXResourcesBuildPhase section */
		EBF4A2631D5DE16A00CD1598 /* Resources */ = {
			isa = PBXResourcesBuildPhase;
			buildActionMask = 2147483647;
			files = (
				EBF4A2731D5DE16A00CD1598 /* LaunchScreen.storyboard in Resources */,
				EBF4A2701D5DE16A00CD1598 /* Assets.xcassets in Resources */,
				EBF4A26E1D5DE16A00CD1598 /* Main.storyboard in Resources */,
			);
			runOnlyForDeploymentPostprocessing = 0;
		};
/* End PBXResourcesBuildPhase section */

/* Begin PBXSourcesBuildPhase section */
		EBF4A2611D5DE16A00CD1598 /* Sources */ = {
			isa = PBXSourcesBuildPhase;
			buildActionMask = 2147483647;
			files = (
				EBF4A26B1D5DE16A00CD1598 /* ViewController.swift in Sources */,
				EBF4A2691D5DE16A00CD1598 /* AppDelegate.swift in Sources */,
			);
			runOnlyForDeploymentPostprocessing = 0;
		};
/* End PBXSourcesBuildPhase section */

/* Begin PBXVariantGroup section */
		EBF4A26C1D5DE16A00CD1598 /* Main.storyboard */ = {
			isa = PBXVariantGroup;
			children = (
				EBF4A26D1D5DE16A00CD1598 /* Base */,
			);
			name = Main.storyboard;
			sourceTree = "<group>";
		};
		EBF4A2711D5DE16A00CD1598 /* LaunchScreen.storyboard */ = {
			isa = PBXVariantGroup;
			children = (
				EBF4A2721D5DE16A00CD1598 /* Base */,
			);
			name = LaunchScreen.storyboard;
			sourceTree = "<group>";
		};
/* End PBXVariantGroup section */

/* Begin XCBuildConfiguration section */
		EBF4A2751D5DE16A00CD1598 /* Debug */ = {
			isa = XCBuildConfiguration;
			buildSettings = {
				ALWAYS_SEARCH_USER_PATHS = NO;
				CLANG_ANALYZER_NONNULL = YES;
				CLANG_CXX_LANGUAGE_STANDARD = "gnu++0x";
				CLANG_CXX_LIBRARY = "libc++";
				CLANG_ENABLE_MODULES = YES;
				CLANG_ENABLE_OBJC_ARC = YES;
				CLANG_WARN_BOOL_CONVERSION = YES;
				CLANG_WARN_CONSTANT_CONVERSION = YES;
				CLANG_WARN_DIRECT_OBJC_ISA_USAGE = YES_ERROR;
				CLANG_WARN_EMPTY_BODY = YES;
				CLANG_WARN_ENUM_CONVERSION = YES;
				CLANG_WARN_INT_CONVERSION = YES;
				CLANG_WARN_OBJC_ROOT_CLASS = YES_ERROR;
				CLANG_WARN_UNREACHABLE_CODE = YES;
				CLANG_WARN__DUPLICATE_METHOD_MATCH = YES;
				"CODE_SIGN_IDENTITY[sdk=iphoneos*]" = "iPhone Developer";
				COPY_PHASE_STRIP = NO;
				DEBUG_INFORMATION_FORMAT = dwarf;
				ENABLE_STRICT_OBJC_MSGSEND = YES;
				ENABLE_TESTABILITY = YES;
				GCC_C_LANGUAGE_STANDARD = gnu99;
				GCC_DYNAMIC_NO_PIC = NO;
				GCC_NO_COMMON_BLOCKS = YES;
				GCC_OPTIMIZATION_LEVEL = 0;
				GCC_PREPROCESSOR_DEFINITIONS = (
					"DEBUG=1",
					"$(inherited)",
				);
				GCC_WARN_64_TO_32_BIT_CONVERSION = YES;
				GCC_WARN_ABOUT_RETURN_TYPE = YES_ERROR;
				GCC_WARN_UNDECLARED_SELECTOR = YES;
				GCC_WARN_UNINITIALIZED_AUTOS = YES_AGGRESSIVE;
				GCC_WARN_UNUSED_FUNCTION = YES;
				GCC_WARN_UNUSED_VARIABLE = YES;
				IPHONEOS_DEPLOYMENT_TARGET = 9.3;
				MTL_ENABLE_DEBUG_INFO = YES;
				ONLY_ACTIVE_ARCH = YES;
				SDKROOT = iphoneos;
				SWIFT_OPTIMIZATION_LEVEL = "-Onone";
			};
			name = Debug;
		};
		EBF4A2761D5DE16A00CD1598 /* Release */ = {
			isa = XCBuildConfiguration;
			buildSettings = {
				ALWAYS_SEARCH_USER_PATHS = NO;
				CLANG_ANALYZER_NONNULL = YES;
				CLANG_CXX_LANGUAGE_STANDARD = "gnu++0x";
				CLANG_CXX_LIBRARY = "libc++";
				CLANG_ENABLE_MODULES = YES;
				CLANG_ENABLE_OBJC_ARC = YES;
				CLANG_WARN_BOOL_CONVERSION = YES;
				CLANG_WARN_CONSTANT_CONVERSION = YES;
				CLANG_WARN_DIRECT_OBJC_ISA_USAGE = YES_ERROR;
				CLANG_WARN_EMPTY_BODY = YES;
				CLANG_WARN_ENUM_CONVERSION = YES;
				CLANG_WARN_INT_CONVERSION = YES;
				CLANG_WARN_OBJC_ROOT_CLASS = YES_ERROR;
				CLANG_WARN_UNREACHABLE_CODE = YES;
				CLANG_WARN__DUPLICATE_METHOD_MATCH = YES;
				"CODE_SIGN_IDENTITY[sdk=iphoneos*]" = "iPhone Developer";
				COPY_PHASE_STRIP = NO;
				DEBUG_INFORMATION_FORMAT = "dwarf-with-dsym";
				ENABLE_NS_ASSERTIONS = NO;
				ENABLE_STRICT_OBJC_MSGSEND = YES;
				GCC_C_LANGUAGE_STANDARD = gnu99;
				GCC_NO_COMMON_BLOCKS = YES;
				GCC_WARN_64_TO_32_BIT_CONVERSION = YES;
				GCC_WARN_ABOUT_RETURN_TYPE = YES_ERROR;
				GCC_WARN_UNDECLARED_SELECTOR = YES;
				GCC_WARN_UNINITIALIZED_AUTOS = YES_AGGRESSIVE;
				GCC_WARN_UNUSED_FUNCTION = YES;
				GCC_WARN_UNUSED_VARIABLE = YES;
				IPHONEOS_DEPLOYMENT_TARGET = 9.3;
				MTL_ENABLE_DEBUG_INFO = NO;
				SDKROOT = iphoneos;
				VALIDATE_PRODUCT = YES;
			};
			name = Release;
		};
		EBF4A2781D5DE16A00CD1598 /* Debug */ = {
			isa = XCBuildConfiguration;
			buildSettings = {
				ASSETCATALOG_COMPILER_APPICON_NAME = AppIcon;
				INFOPLIST_FILE = Pokedex_4/Info.plist;
				LD_RUNPATH_SEARCH_PATHS = "$(inherited) @executable_path/Frameworks";
				PRODUCT_BUNDLE_IDENTIFIER = "com.Pokedex-4";
				PRODUCT_NAME = "$(TARGET_NAME)";
			};
			name = Debug;
		};
		EBF4A2791D5DE16A00CD1598 /* Release */ = {
			isa = XCBuildConfiguration;
			buildSettings = {
				ASSETCATALOG_COMPILER_APPICON_NAME = AppIcon;
				INFOPLIST_FILE = Pokedex_4/Info.plist;
				LD_RUNPATH_SEARCH_PATHS = "$(inherited) @executable_path/Frameworks";
				PRODUCT_BUNDLE_IDENTIFIER = "com.Pokedex-4";
				PRODUCT_NAME = "$(TARGET_NAME)";
			};
			name = Release;
		};
/* End XCBuildConfiguration section */

/* Begin XCConfigurationList section */
		EBF4A2601D5DE16A00CD1598 /* Build configuration list for PBXProject "Pokedex_4" */ = {
			isa = XCConfigurationList;
			buildConfigurations = (
				EBF4A2751D5DE16A00CD1598 /* Debug */,
				EBF4A2761D5DE16A00CD1598 /* Release */,
			);
			defaultConfigurationIsVisible = 0;
			defaultConfigurationName = Release;
		};
		EBF4A2771D5DE16A00CD1598 /* Build configuration list for PBXNativeTarget "Pokedex_4" */ = {
			isa = XCConfigurationList;
			buildConfigurations = (
				EBF4A2781D5DE16A00CD1598 /* Debug */,
				EBF4A2791D5DE16A00CD1598 /* Release */,
			);
			defaultConfigurationIsVisible = 0;
		};
/* End XCConfigurationList section */
	};
	rootObject = EBF4A25D1D5DE16A00CD1598 /* Project object */;
}
